
Microsoft Visual Studio Solution File, Format Version 12.00
# Visual Studio Version 16
VisualStudioVersion = 16.0.28917.182
MinimumVisualStudioVersion = 10.0.40219.1
Project("{FAE04EC0-301F-11D3-BF4B-00C04F79EFBC}") = "App4", "App4\App4.csproj", "{4CDA1C3D-CC03-42F4-98E7-AD9EE0E3D268}"
EndProject
Project("{FAE04EC0-301F-11D3-BF4B-00C04F79EFBC}") = "FAP.Bind-Xamarin.Android", "FAP.Bind-Xamarin.Android\FAP.Bind-Xamarin.Android.csproj", "{A8C424B5-A537-4645-91F5-2A4D29D8168B}"
EndProject
Global
	GlobalSection(SolutionConfigurationPlatforms) = preSolution
		Debug|Any CPU = Debug|Any CPU
		Release|Any CPU = Release|Any CPU
	EndGlobalSection
	GlobalSection(ProjectConfigurationPlatforms) = postSolution
		{4CDA1C3D-CC03-42F4-98E7-AD9EE0E3D268}.Debug|Any CPU.ActiveCfg = Debug|Any CPU
		{4CDA1C3D-CC03-42F4-98E7-AD9EE0E3D268}.Debug|Any CPU.Build.0 = Debug|Any CPU
		{4CDA1C3D-CC03-42F4-98E7-AD9EE0E3D268}.Debug|Any CPU.Deploy.0 = Debug|Any CPU
		{4CDA1C3D-CC03-42F4-98E7-AD9EE0E3D268}.Release|Any CPU.ActiveCfg = Release|Any CPU
		{4CDA1C3D-CC03-42F4-98E7-AD9EE0E3D268}.Release|Any CPU.Build.0 = Release|Any CPU
		{4CDA1C3D-CC03-42F4-98E7-AD9EE0E3D268}.Release|Any CPU.Deploy.0 = Release|Any CPU
		{A8C424B5-A537-4645-91F5-2A4D29D8168B}.Debug|Any CPU.ActiveCfg = Debug|Any CPU
		{A8C424B5-A537-4645-91F5-2A4D29D8168B}.Debug|Any CPU.Build.0 = Debug|Any CPU
		{A8C424B5-A537-4645-91F5-2A4D29D8168B}.Release|Any CPU.ActiveCfg = Release|Any CPU
		{A8C424B5-A537-4645-91F5-2A4D29D8168B}.Release|Any CPU.Build.0 = Release|Any CPU
	EndGlobalSection
	GlobalSection(SolutionProperties) = preSolution
		HideSolutionNode = FALSE
	EndGlobalSection
	GlobalSection(ExtensibilityGlobals) = postSolution
		SolutionGuid = {6E06CC7C-C6FC-45DE-842E-3B73D76B733D}
	EndGlobalSection
EndGlobal
